
Microsoft Visual Studio Solution File, Format Version 12.00
# Visual Studio Version 16
VisualStudioVersion = 16.0.32002.261
MinimumVisualStudioVersion = 10.0.40219.1
Project("{FAE04EC0-301F-11D3-BF4B-00C04F79EFBC}") = "test1", "test1\test1.csproj", "{7E3C5B53-A087-4FBA-A367-36AAA5984969}"
EndProject
Project("{FAE04EC0-301F-11D3-BF4B-00C04F79EFBC}") = "OpenHeart", "OpenHeart\OpenHeart.csproj", "{F490A85D-1C82-4FF7-AA11-AEA09C75062C}"
EndProject
Project("{FAE04EC0-301F-11D3-BF4B-00C04F79EFBC}") = "Cave", "Cave\Cave.csproj", "{43CA7116-26E1-42BC-AACC-F2C451430E90}"
EndProject
Project("{FAE04EC0-301F-11D3-BF4B-00C04F79EFBC}") = "SchoolAdmin", "SchoolAdmin\SchoolAdmin.csproj", "{EE7AC4F0-D02F-4B46-B580-160EE2E92382}"
EndProject
Project("{FAE04EC0-301F-11D3-BF4B-00C04F79EFBC}") = "GuiUI", "GuiUI\GuiUI.csproj", "{7515ADFF-ECB9-40FB-87CC-678638D088ED}"
EndProject
Project("{FAE04EC0-301F-11D3-BF4B-00C04F79EFBC}") = "CaveFram", "CaveFram\CaveFram.csproj", "{7BE3022D-61E9-49F8-873E-979377BF8CB4}"
EndProject
Project("{FAE04EC0-301F-11D3-BF4B-00C04F79EFBC}") = "MagicalWeapon", "MagicalWeapon\MagicalWeapon.csproj", "{A66F006C-921B-4C0E-B4C9-BD99921D50A4}"
EndProject
Project("{FAE04EC0-301F-11D3-BF4B-00C04F79EFBC}") = "Gymnasium", "Gymnasium\Gymnasium.csproj", "{0BF23A74-8132-444D-854A-9FB977C2BD81}"
EndProject
Project("{FAE04EC0-301F-11D3-BF4B-00C04F79EFBC}") = "Comment", "Comment\Comment.csproj", "{993C9D71-B47E-4903-94C5-B94EF767387A}"
EndProject
Project("{FAE04EC0-301F-11D3-BF4B-00C04F79EFBC}") = "ClassStaticFuncTest", "ClassStaticFuncTest\ClassStaticFuncTest.csproj", "{37BB277F-216E-4AE2-8AA1-3A00F5569D30}"
EndProject
Global
	GlobalSection(SolutionConfigurationPlatforms) = preSolution
		Debug|Any CPU = Debug|Any CPU
		Release|Any CPU = Release|Any CPU
	EndGlobalSection
	GlobalSection(ProjectConfigurationPlatforms) = postSolution
		{7E3C5B53-A087-4FBA-A367-36AAA5984969}.Debug|Any CPU.ActiveCfg = Debug|Any CPU
		{7E3C5B53-A087-4FBA-A367-36AAA5984969}.Debug|Any CPU.Build.0 = Debug|Any CPU
		{7E3C5B53-A087-4FBA-A367-36AAA5984969}.Release|Any CPU.ActiveCfg = Release|Any CPU
		{7E3C5B53-A087-4FBA-A367-36AAA5984969}.Release|Any CPU.Build.0 = Release|Any CPU
		{F490A85D-1C82-4FF7-AA11-AEA09C75062C}.Debug|Any CPU.ActiveCfg = Debug|Any CPU
		{F490A85D-1C82-4FF7-AA11-AEA09C75062C}.Debug|Any CPU.Build.0 = Debug|Any CPU
		{F490A85D-1C82-4FF7-AA11-AEA09C75062C}.Release|Any CPU.ActiveCfg = Release|Any CPU
		{F490A85D-1C82-4FF7-AA11-AEA09C75062C}.Release|Any CPU.Build.0 = Release|Any CPU
		{43CA7116-26E1-42BC-AACC-F2C451430E90}.Debug|Any CPU.ActiveCfg = Debug|Any CPU
		{43CA7116-26E1-42BC-AACC-F2C451430E90}.Debug|Any CPU.Build.0 = Debug|Any CPU
		{43CA7116-26E1-42BC-AACC-F2C451430E90}.Release|Any CPU.ActiveCfg = Release|Any CPU
		{43CA7116-26E1-42BC-AACC-F2C451430E90}.Release|Any CPU.Build.0 = Release|Any CPU
		{EE7AC4F0-D02F-4B46-B580-160EE2E92382}.Debug|Any CPU.ActiveCfg = Debug|Any CPU
		{EE7AC4F0-D02F-4B46-B580-160EE2E92382}.Debug|Any CPU.Build.0 = Debug|Any CPU
		{EE7AC4F0-D02F-4B46-B580-160EE2E92382}.Release|Any CPU.ActiveCfg = Release|Any CPU
		{EE7AC4F0-D02F-4B46-B580-160EE2E92382}.Release|Any CPU.Build.0 = Release|Any CPU
		{7515ADFF-ECB9-40FB-87CC-678638D088ED}.Debug|Any CPU.ActiveCfg = Debug|Any CPU
		{7515ADFF-ECB9-40FB-87CC-678638D088ED}.Debug|Any CPU.Build.0 = Debug|Any CPU
		{7515ADFF-ECB9-40FB-87CC-678638D088ED}.Release|Any CPU.ActiveCfg = Release|Any CPU
		{7515ADFF-ECB9-40FB-87CC-678638D088ED}.Release|Any CPU.Build.0 = Release|Any CPU
		{7BE3022D-61E9-49F8-873E-979377BF8CB4}.Debug|Any CPU.ActiveCfg = Debug|Any CPU
		{7BE3022D-61E9-49F8-873E-979377BF8CB4}.Debug|Any CPU.Build.0 = Debug|Any CPU
		{7BE3022D-61E9-49F8-873E-979377BF8CB4}.Release|Any CPU.ActiveCfg = Release|Any CPU
		{7BE3022D-61E9-49F8-873E-979377BF8CB4}.Release|Any CPU.Build.0 = Release|Any CPU
		{A66F006C-921B-4C0E-B4C9-BD99921D50A4}.Debug|Any CPU.ActiveCfg = Debug|Any CPU
		{A66F006C-921B-4C0E-B4C9-BD99921D50A4}.Debug|Any CPU.Build.0 = Debug|Any CPU
		{A66F006C-921B-4C0E-B4C9-BD99921D50A4}.Release|Any CPU.ActiveCfg = Release|Any CPU
		{A66F006C-921B-4C0E-B4C9-BD99921D50A4}.Release|Any CPU.Build.0 = Release|Any CPU
		{0BF23A74-8132-444D-854A-9FB977C2BD81}.Debug|Any CPU.ActiveCfg = Debug|Any CPU
		{0BF23A74-8132-444D-854A-9FB977C2BD81}.Debug|Any CPU.Build.0 = Debug|Any CPU
		{0BF23A74-8132-444D-854A-9FB977C2BD81}.Release|Any CPU.ActiveCfg = Release|Any CPU
		{0BF23A74-8132-444D-854A-9FB977C2BD81}.Release|Any CPU.Build.0 = Release|Any CPU
		{993C9D71-B47E-4903-94C5-B94EF767387A}.Debug|Any CPU.ActiveCfg = Debug|Any CPU
		{993C9D71-B47E-4903-94C5-B94EF767387A}.Debug|Any CPU.Build.0 = Debug|Any CPU
		{993C9D71-B47E-4903-94C5-B94EF767387A}.Release|Any CPU.ActiveCfg = Release|Any CPU
		{993C9D71-B47E-4903-94C5-B94EF767387A}.Release|Any CPU.Build.0 = Release|Any CPU
		{37BB277F-216E-4AE2-8AA1-3A00F5569D30}.Debug|Any CPU.ActiveCfg = Debug|Any CPU
		{37BB277F-216E-4AE2-8AA1-3A00F5569D30}.Debug|Any CPU.Build.0 = Debug|Any CPU
		{37BB277F-216E-4AE2-8AA1-3A00F5569D30}.Release|Any CPU.ActiveCfg = Release|Any CPU
		{37BB277F-216E-4AE2-8AA1-3A00F5569D30}.Release|Any CPU.Build.0 = Release|Any CPU
	EndGlobalSection
	GlobalSection(SolutionProperties) = preSolution
		HideSolutionNode = FALSE
	EndGlobalSection
	GlobalSection(ExtensibilityGlobals) = postSolution
		SolutionGuid = {A7722CB4-08A5-4F18-90D1-8143BD167F7D}
	EndGlobalSection
EndGlobal
